// !$*UTF8*$!
{
	archiveVersion = 1;
	classes = {
	};
	objectVersion = 46;
	objects = {

/* Begin PBXBuildFile section */
		CD177BF11B88E364006D76BF /* MMDrawerBarButtonItem.m in Sources */ = {isa = PBXBuildFile; fileRef = CD177BE81B88E364006D76BF /* MMDrawerBarButtonItem.m */; };
		CD177BF21B88E364006D76BF /* MMDrawerController.m in Sources */ = {isa = PBXBuildFile; fileRef = CD177BEA1B88E364006D76BF /* MMDrawerController.m */; };
		CD177BF31B88E364006D76BF /* MMDrawerVisualState.m in Sources */ = {isa = PBXBuildFile; fileRef = CD177BED1B88E364006D76BF /* MMDrawerVisualState.m */; };
		CD177BF41B88E364006D76BF /* UIViewController+MMDrawerController.m in Sources */ = {isa = PBXBuildFile; fileRef = CD177BEF1B88E364006D76BF /* UIViewController+MMDrawerController.m */; };
		CD177BF61B88E5F1006D76BF /* LeftSideViewController.swift in Sources */ = {isa = PBXBuildFile; fileRef = CD177BF51B88E5F1006D76BF /* LeftSideViewController.swift */; };
		CD6EC96F1B8A642700E47EAA /* MyCustomCell.swift in Sources */ = {isa = PBXBuildFile; fileRef = CD6EC96E1B8A642700E47EAA /* MyCustomCell.swift */; };
		CD6EC9AA1B8BE33000E47EAA /* UserData.swift in Sources */ = {isa = PBXBuildFile; fileRef = CD6EC9A91B8BE33000E47EAA /* UserData.swift */; };
		CD98BF861B67D1880072058F /* AppDelegate.swift in Sources */ = {isa = PBXBuildFile; fileRef = CD98BF851B67D1880072058F /* AppDelegate.swift */; };
		CD98BF881B67D1880072058F /* ViewController.swift in Sources */ = {isa = PBXBuildFile; fileRef = CD98BF871B67D1880072058F /* ViewController.swift */; };
		CD98BF8D1B67D1880072058F /* Images.xcassets in Resources */ = {isa = PBXBuildFile; fileRef = CD98BF8C1B67D1880072058F /* Images.xcassets */; };
		CD98BF901B67D1880072058F /* LaunchScreen.xib in Resources */ = {isa = PBXBuildFile; fileRef = CD98BF8E1B67D1880072058F /* LaunchScreen.xib */; };
		CD98BF9C1B67D1890072058F /* ColumbaTests.swift in Sources */ = {isa = PBXBuildFile; fileRef = CD98BF9B1B67D1890072058F /* ColumbaTests.swift */; };
		CD98BFAA1B67D2100072058F /* LoginViewController.swift in Sources */ = {isa = PBXBuildFile; fileRef = CD98BFA81B67D2100072058F /* LoginViewController.swift */; };
		CD98BFAB1B67D2100072058F /* RegisterPageViewController.swift in Sources */ = {isa = PBXBuildFile; fileRef = CD98BFA91B67D2100072058F /* RegisterPageViewController.swift */; };
		CDF07D361BAF923600E3836B /* Main.storyboard in Resources */ = {isa = PBXBuildFile; fileRef = CDF07D351BAF923600E3836B /* Main.storyboard */; settings = {ASSET_TAGS = (); }; };
/* End PBXBuildFile section */

/* Begin PBXContainerItemProxy section */
		CD98BF961B67D1890072058F /* PBXContainerItemProxy */ = {
			isa = PBXContainerItemProxy;
			containerPortal = CD98BF781B67D1880072058F /* Project object */;
			proxyType = 1;
			remoteGlobalIDString = CD98BF7F1B67D1880072058F;
			remoteInfo = Columba;
		};
/* End PBXContainerItemProxy section */

/* Begin PBXFileReference section */
		CD177BE61B88E363006D76BF /* Columba-Bridging-Header.h */ = {isa = PBXFileReference; lastKnownFileType = sourcecode.c.h; path = "Columba-Bridging-Header.h"; sourceTree = "<group>"; };
		CD177BE71B88E364006D76BF /* MMDrawerBarButtonItem.h */ = {isa = PBXFileReference; fileEncoding = 4; lastKnownFileType = sourcecode.c.h; path = MMDrawerBarButtonItem.h; sourceTree = "<group>"; };
		CD177BE81B88E364006D76BF /* MMDrawerBarButtonItem.m */ = {isa = PBXFileReference; fileEncoding = 4; lastKnownFileType = sourcecode.c.objc; path = MMDrawerBarButtonItem.m; sourceTree = "<group>"; };
		CD177BE91B88E364006D76BF /* MMDrawerController.h */ = {isa = PBXFileReference; fileEncoding = 4; lastKnownFileType = sourcecode.c.h; path = MMDrawerController.h; sourceTree = "<group>"; };
		CD177BEA1B88E364006D76BF /* MMDrawerController.m */ = {isa = PBXFileReference; fileEncoding = 4; lastKnownFileType = sourcecode.c.objc; path = MMDrawerController.m; sourceTree = "<group>"; };
		CD177BEB1B88E364006D76BF /* MMDrawerController+Subclass.h */ = {isa = PBXFileReference; fileEncoding = 4; lastKnownFileType = sourcecode.c.h; path = "MMDrawerController+Subclass.h"; sourceTree = "<group>"; };
		CD177BEC1B88E364006D76BF /* MMDrawerVisualState.h */ = {isa = PBXFileReference; fileEncoding = 4; lastKnownFileType = sourcecode.c.h; path = MMDrawerVisualState.h; sourceTree = "<group>"; };
		CD177BED1B88E364006D76BF /* MMDrawerVisualState.m */ = {isa = PBXFileReference; fileEncoding = 4; lastKnownFileType = sourcecode.c.objc; path = MMDrawerVisualState.m; sourceTree = "<group>"; };
		CD177BEE1B88E364006D76BF /* UIViewController+MMDrawerController.h */ = {isa = PBXFileReference; fileEncoding = 4; lastKnownFileType = sourcecode.c.h; path = "UIViewController+MMDrawerController.h"; sourceTree = "<group>"; };
		CD177BEF1B88E364006D76BF /* UIViewController+MMDrawerController.m */ = {isa = PBXFileReference; fileEncoding = 4; lastKnownFileType = sourcecode.c.objc; path = "UIViewController+MMDrawerController.m"; sourceTree = "<group>"; };
		CD177BF51B88E5F1006D76BF /* LeftSideViewController.swift */ = {isa = PBXFileReference; fileEncoding = 4; lastKnownFileType = sourcecode.swift; path = LeftSideViewController.swift; sourceTree = "<group>"; };
		CD6EC96E1B8A642700E47EAA /* MyCustomCell.swift */ = {isa = PBXFileReference; fileEncoding = 4; lastKnownFileType = sourcecode.swift; path = MyCustomCell.swift; sourceTree = "<group>"; };
		CD6EC9A91B8BE33000E47EAA /* UserData.swift */ = {isa = PBXFileReference; fileEncoding = 4; lastKnownFileType = sourcecode.swift; path = UserData.swift; sourceTree = "<group>"; };
		CD98BF801B67D1880072058F /* Columba.app */ = {isa = PBXFileReference; explicitFileType = wrapper.application; includeInIndex = 0; path = Columba.app; sourceTree = BUILT_PRODUCTS_DIR; };
		CD98BF841B67D1880072058F /* Info.plist */ = {isa = PBXFileReference; lastKnownFileType = text.plist.xml; path = Info.plist; sourceTree = "<group>"; };
		CD98BF851B67D1880072058F /* AppDelegate.swift */ = {isa = PBXFileReference; lastKnownFileType = sourcecode.swift; path = AppDelegate.swift; sourceTree = "<group>"; };
		CD98BF871B67D1880072058F /* ViewController.swift */ = {isa = PBXFileReference; lastKnownFileType = sourcecode.swift; path = ViewController.swift; sourceTree = "<group>"; };
		CD98BF8C1B67D1880072058F /* Images.xcassets */ = {isa = PBXFileReference; lastKnownFileType = folder.assetcatalog; path = Images.xcassets; sourceTree = "<group>"; };
		CD98BF8F1B67D1880072058F /* Base */ = {isa = PBXFileReference; lastKnownFileType = file.xib; name = Base; path = Base.lproj/LaunchScreen.xib; sourceTree = "<group>"; };
		CD98BF951B67D1890072058F /* ColumbaTests.xctest */ = {isa = PBXFileReference; explicitFileType = wrapper.cfbundle; includeInIndex = 0; path = ColumbaTests.xctest; sourceTree = BUILT_PRODUCTS_DIR; };
		CD98BF9A1B67D1890072058F /* Info.plist */ = {isa = PBXFileReference; lastKnownFileType = text.plist.xml; path = Info.plist; sourceTree = "<group>"; };
		CD98BF9B1B67D1890072058F /* ColumbaTests.swift */ = {isa = PBXFileReference; lastKnownFileType = sourcecode.swift; path = ColumbaTests.swift; sourceTree = "<group>"; };
		CD98BFA81B67D2100072058F /* LoginViewController.swift */ = {isa = PBXFileReference; fileEncoding = 4; lastKnownFileType = sourcecode.swift; path = LoginViewController.swift; sourceTree = "<group>"; };
		CD98BFA91B67D2100072058F /* RegisterPageViewController.swift */ = {isa = PBXFileReference; fileEncoding = 4; lastKnownFileType = sourcecode.swift; path = RegisterPageViewController.swift; sourceTree = "<group>"; };
		CDF07D351BAF923600E3836B /* Main.storyboard */ = {isa = PBXFileReference; fileEncoding = 4; lastKnownFileType = file.storyboard; path = Main.storyboard; sourceTree = "<group>"; };
/* End PBXFileReference section */

/* Begin PBXFrameworksBuildPhase section */
		CD98BF7D1B67D1880072058F /* Frameworks */ = {
			isa = PBXFrameworksBuildPhase;
			buildActionMask = 2147483647;
			files = (
			);
			runOnlyForDeploymentPostprocessing = 0;
		};
		CD98BF921B67D1880072058F /* Frameworks */ = {
			isa = PBXFrameworksBuildPhase;
			buildActionMask = 2147483647;
			files = (
			);
			runOnlyForDeploymentPostprocessing = 0;
		};
/* End PBXFrameworksBuildPhase section */

/* Begin PBXGroup section */
		CD177BE51B88E330006D76BF /* MMDrawerController */ = {
			isa = PBXGroup;
			children = (
				CD177BE71B88E364006D76BF /* MMDrawerBarButtonItem.h */,
				CD177BE81B88E364006D76BF /* MMDrawerBarButtonItem.m */,
				CD177BE91B88E364006D76BF /* MMDrawerController.h */,
				CD177BEA1B88E364006D76BF /* MMDrawerController.m */,
				CD177BEB1B88E364006D76BF /* MMDrawerController+Subclass.h */,
				CD177BEC1B88E364006D76BF /* MMDrawerVisualState.h */,
				CD177BED1B88E364006D76BF /* MMDrawerVisualState.m */,
				CD177BEE1B88E364006D76BF /* UIViewController+MMDrawerController.h */,
				CD177BEF1B88E364006D76BF /* UIViewController+MMDrawerController.m */,
				CD177BE61B88E363006D76BF /* Columba-Bridging-Header.h */,
			);
			name = MMDrawerController;
			sourceTree = "<group>";
		};
		CD98BF771B67D1880072058F = {
			isa = PBXGroup;
			children = (
				CD98BF821B67D1880072058F /* Columba */,
				CD98BF981B67D1890072058F /* ColumbaTests */,
				CD98BF811B67D1880072058F /* Products */,
			);
			sourceTree = "<group>";
		};
		CD98BF811B67D1880072058F /* Products */ = {
			isa = PBXGroup;
			children = (
				CD98BF801B67D1880072058F /* Columba.app */,
				CD98BF951B67D1890072058F /* ColumbaTests.xctest */,
			);
			name = Products;
			sourceTree = "<group>";
		};
		CD98BF821B67D1880072058F /* Columba */ = {
			isa = PBXGroup;
			children = (
				CD177BE51B88E330006D76BF /* MMDrawerController */,
				CD98BFA71B67D1E40072058F /* register/login */,
				CD98BF851B67D1880072058F /* AppDelegate.swift */,
				CD98BF871B67D1880072058F /* ViewController.swift */,
				CDF07D351BAF923600E3836B /* Main.storyboard */,
				CD98BF8C1B67D1880072058F /* Images.xcassets */,
				CD98BF8E1B67D1880072058F /* LaunchScreen.xib */,
				CD98BF831B67D1880072058F /* Supporting Files */,
				CD177BF51B88E5F1006D76BF /* LeftSideViewController.swift */,
				CD6EC96E1B8A642700E47EAA /* MyCustomCell.swift */,
				CD6EC9A91B8BE33000E47EAA /* UserData.swift */,
			);
			path = Columba;
			sourceTree = "<group>";
		};
		CD98BF831B67D1880072058F /* Supporting Files */ = {
			isa = PBXGroup;
			children = (
				CD98BF841B67D1880072058F /* Info.plist */,
			);
			name = "Supporting Files";
			sourceTree = "<group>";
		};
		CD98BF981B67D1890072058F /* ColumbaTests */ = {
			isa = PBXGroup;
			children = (
				CD98BF9B1B67D1890072058F /* ColumbaTests.swift */,
				CD98BF991B67D1890072058F /* Supporting Files */,
			);
			path = ColumbaTests;
			sourceTree = "<group>";
		};
		CD98BF991B67D1890072058F /* Supporting Files */ = {
			isa = PBXGroup;
			children = (
				CD98BF9A1B67D1890072058F /* Info.plist */,
			);
			name = "Supporting Files";
			sourceTree = "<group>";
		};
		CD98BFA71B67D1E40072058F /* register/login */ = {
			isa = PBXGroup;
			children = (
				CD98BFA81B67D2100072058F /* LoginViewController.swift */,
				CD98BFA91B67D2100072058F /* RegisterPageViewController.swift */,
			);
			name = register/login;
			sourceTree = "<group>";
		};
/* End PBXGroup section */

/* Begin PBXNativeTarget section */
		CD98BF7F1B67D1880072058F /* Columba */ = {
			isa = PBXNativeTarget;
			buildConfigurationList = CD98BF9F1B67D1890072058F /* Build configuration list for PBXNativeTarget "Columba" */;
			buildPhases = (
				CD98BF7C1B67D1880072058F /* Sources */,
				CD98BF7D1B67D1880072058F /* Frameworks */,
				CD98BF7E1B67D1880072058F /* Resources */,
			);
			buildRules = (
			);
			dependencies = (
			);
			name = Columba;
			productName = Columba;
			productReference = CD98BF801B67D1880072058F /* Columba.app */;
			productType = "com.apple.product-type.application";
		};
		CD98BF941B67D1880072058F /* ColumbaTests */ = {
			isa = PBXNativeTarget;
			buildConfigurationList = CD98BFA21B67D1890072058F /* Build configuration list for PBXNativeTarget "ColumbaTests" */;
			buildPhases = (
				CD98BF911B67D1880072058F /* Sources */,
				CD98BF921B67D1880072058F /* Frameworks */,
				CD98BF931B67D1880072058F /* Resources */,
			);
			buildRules = (
			);
			dependencies = (
				CD98BF971B67D1890072058F /* PBXTargetDependency */,
			);
			name = ColumbaTests;
			productName = ColumbaTests;
			productReference = CD98BF951B67D1890072058F /* ColumbaTests.xctest */;
			productType = "com.apple.product-type.bundle.unit-test";
		};
/* End PBXNativeTarget section */

/* Begin PBXProject section */
		CD98BF781B67D1880072058F /* Project object */ = {
			isa = PBXProject;
			attributes = {

				LastSwiftUpdateCheck = 0700;
				LastUpgradeCheck = 0640;

				ORGANIZATIONNAME = Beta;
				TargetAttributes = {
					CD98BF7F1B67D1880072058F = {
						CreatedOnToolsVersion = 6.4;
						DevelopmentTeam = CVHGDSY375;
					};
					CD98BF941B67D1880072058F = {
						CreatedOnToolsVersion = 6.4;
						TestTargetID = CD98BF7F1B67D1880072058F;
					};
				};
			};
			buildConfigurationList = CD98BF7B1B67D1880072058F /* Build configuration list for PBXProject "Columba" */;
			compatibilityVersion = "Xcode 3.2";
			developmentRegion = English;
			hasScannedForEncodings = 0;
			knownRegions = (
				en,
				Base,
			);
			mainGroup = CD98BF771B67D1880072058F;
			productRefGroup = CD98BF811B67D1880072058F /* Products */;
			projectDirPath = "";
			projectRoot = "";
			targets = (
				CD98BF7F1B67D1880072058F /* Columba */,
				CD98BF941B67D1880072058F /* ColumbaTests */,
			);
		};
/* End PBXProject section */

/* Begin PBXResourcesBuildPhase section */
		CD98BF7E1B67D1880072058F /* Resources */ = {
			isa = PBXResourcesBuildPhase;
			buildActionMask = 2147483647;
			files = (
				CDF07D361BAF923600E3836B /* Main.storyboard in Resources */,
				CD98BF901B67D1880072058F /* LaunchScreen.xib in Resources */,
				CD98BF8D1B67D1880072058F /* Images.xcassets in Resources */,
			);
			runOnlyForDeploymentPostprocessing = 0;
		};
		CD98BF931B67D1880072058F /* Resources */ = {
			isa = PBXResourcesBuildPhase;
			buildActionMask = 2147483647;
			files = (
			);
			runOnlyForDeploymentPostprocessing = 0;
		};
/* End PBXResourcesBuildPhase section */

/* Begin PBXSourcesBuildPhase section */
		CD98BF7C1B67D1880072058F /* Sources */ = {
			isa = PBXSourcesBuildPhase;
			buildActionMask = 2147483647;
			files = (
				CD98BFAB1B67D2100072058F /* RegisterPageViewController.swift in Sources */,
				CD98BFAA1B67D2100072058F /* LoginViewController.swift in Sources */,
				CD177BF11B88E364006D76BF /* MMDrawerBarButtonItem.m in Sources */,
				CD177BF41B88E364006D76BF /* UIViewController+MMDrawerController.m in Sources */,
				CD98BF881B67D1880072058F /* ViewController.swift in Sources */,
				CD6EC9AA1B8BE33000E47EAA /* UserData.swift in Sources */,
				CD177BF21B88E364006D76BF /* MMDrawerController.m in Sources */,
				CD6EC96F1B8A642700E47EAA /* MyCustomCell.swift in Sources */,
				CD98BF861B67D1880072058F /* AppDelegate.swift in Sources */,
				CD177BF61B88E5F1006D76BF /* LeftSideViewController.swift in Sources */,
				CD177BF31B88E364006D76BF /* MMDrawerVisualState.m in Sources */,
			);
			runOnlyForDeploymentPostprocessing = 0;
		};
		CD98BF911B67D1880072058F /* Sources */ = {
			isa = PBXSourcesBuildPhase;
			buildActionMask = 2147483647;
			files = (
				CD98BF9C1B67D1890072058F /* ColumbaTests.swift in Sources */,
			);
			runOnlyForDeploymentPostprocessing = 0;
		};
/* End PBXSourcesBuildPhase section */

/* Begin PBXTargetDependency section */
		CD98BF971B67D1890072058F /* PBXTargetDependency */ = {
			isa = PBXTargetDependency;
			target = CD98BF7F1B67D1880072058F /* Columba */;
			targetProxy = CD98BF961B67D1890072058F /* PBXContainerItemProxy */;
		};
/* End PBXTargetDependency section */

/* Begin PBXVariantGroup section */
		CD98BF8E1B67D1880072058F /* LaunchScreen.xib */ = {
			isa = PBXVariantGroup;
			children = (
				CD98BF8F1B67D1880072058F /* Base */,
			);
			name = LaunchScreen.xib;
			sourceTree = "<group>";
		};
/* End PBXVariantGroup section */

/* Begin XCBuildConfiguration section */
		CD98BF9D1B67D1890072058F /* Debug */ = {
			isa = XCBuildConfiguration;
			buildSettings = {
				ALWAYS_SEARCH_USER_PATHS = NO;
				CLANG_CXX_LANGUAGE_STANDARD = "gnu++0x";
				CLANG_CXX_LIBRARY = "libc++";
				CLANG_ENABLE_MODULES = YES;
				CLANG_ENABLE_OBJC_ARC = YES;
				CLANG_WARN_BOOL_CONVERSION = YES;
				CLANG_WARN_CONSTANT_CONVERSION = YES;
				CLANG_WARN_DIRECT_OBJC_ISA_USAGE = YES_ERROR;
				CLANG_WARN_EMPTY_BODY = YES;
				CLANG_WARN_ENUM_CONVERSION = YES;
				CLANG_WARN_INT_CONVERSION = YES;
				CLANG_WARN_OBJC_ROOT_CLASS = YES_ERROR;
				CLANG_WARN_UNREACHABLE_CODE = YES;
				CLANG_WARN__DUPLICATE_METHOD_MATCH = YES;
				"CODE_SIGN_IDENTITY[sdk=iphoneos*]" = "iPhone Developer";
				COPY_PHASE_STRIP = NO;
				DEBUG_INFORMATION_FORMAT = "dwarf-with-dsym";
				ENABLE_STRICT_OBJC_MSGSEND = YES;
				ENABLE_TESTABILITY = YES;
				GCC_C_LANGUAGE_STANDARD = gnu99;
				GCC_DYNAMIC_NO_PIC = NO;
				GCC_NO_COMMON_BLOCKS = YES;
				GCC_OPTIMIZATION_LEVEL = 0;
				GCC_PREPROCESSOR_DEFINITIONS = (
					"DEBUG=1",
					"$(inherited)",
				);
				GCC_SYMBOLS_PRIVATE_EXTERN = NO;
				GCC_WARN_64_TO_32_BIT_CONVERSION = YES;
				GCC_WARN_ABOUT_RETURN_TYPE = YES_ERROR;
				GCC_WARN_UNDECLARED_SELECTOR = YES;
				GCC_WARN_UNINITIALIZED_AUTOS = YES_AGGRESSIVE;
				GCC_WARN_UNUSED_FUNCTION = YES;
				GCC_WARN_UNUSED_VARIABLE = YES;
				IPHONEOS_DEPLOYMENT_TARGET = 8.4;
				MTL_ENABLE_DEBUG_INFO = YES;
				ONLY_ACTIVE_ARCH = YES;
				SDKROOT = iphoneos;
				SWIFT_OPTIMIZATION_LEVEL = "-Onone";
				TARGETED_DEVICE_FAMILY = "1,2";
			};
			name = Debug;
		};
		CD98BF9E1B67D1890072058F /* Release */ = {
			isa = XCBuildConfiguration;
			buildSettings = {
				ALWAYS_SEARCH_USER_PATHS = NO;
				CLANG_CXX_LANGUAGE_STANDARD = "gnu++0x";
				CLANG_CXX_LIBRARY = "libc++";
				CLANG_ENABLE_MODULES = YES;
				CLANG_ENABLE_OBJC_ARC = YES;
				CLANG_WARN_BOOL_CONVERSION = YES;
				CLANG_WARN_CONSTANT_CONVERSION = YES;
				CLANG_WARN_DIRECT_OBJC_ISA_USAGE = YES_ERROR;
				CLANG_WARN_EMPTY_BODY = YES;
				CLANG_WARN_ENUM_CONVERSION = YES;
				CLANG_WARN_INT_CONVERSION = YES;
				CLANG_WARN_OBJC_ROOT_CLASS = YES_ERROR;
				CLANG_WARN_UNREACHABLE_CODE = YES;
				CLANG_WARN__DUPLICATE_METHOD_MATCH = YES;
				"CODE_SIGN_IDENTITY[sdk=iphoneos*]" = "iPhone Developer";
				COPY_PHASE_STRIP = NO;
				DEBUG_INFORMATION_FORMAT = "dwarf-with-dsym";
				ENABLE_NS_ASSERTIONS = NO;
				ENABLE_STRICT_OBJC_MSGSEND = YES;
				GCC_C_LANGUAGE_STANDARD = gnu99;
				GCC_NO_COMMON_BLOCKS = YES;
				GCC_WARN_64_TO_32_BIT_CONVERSION = YES;
				GCC_WARN_ABOUT_RETURN_TYPE = YES_ERROR;
				GCC_WARN_UNDECLARED_SELECTOR = YES;
				GCC_WARN_UNINITIALIZED_AUTOS = YES_AGGRESSIVE;
				GCC_WARN_UNUSED_FUNCTION = YES;
				GCC_WARN_UNUSED_VARIABLE = YES;
				IPHONEOS_DEPLOYMENT_TARGET = 8.4;
				MTL_ENABLE_DEBUG_INFO = NO;
				SDKROOT = iphoneos;
				TARGETED_DEVICE_FAMILY = "1,2";
				VALIDATE_PRODUCT = YES;
			};
			name = Release;
		};
		CD98BFA01B67D1890072058F /* Debug */ = {
			isa = XCBuildConfiguration;
			buildSettings = {
				ASSETCATALOG_COMPILER_APPICON_NAME = AppIcon;
				CLANG_ENABLE_MODULES = YES;
				CODE_SIGN_IDENTITY = "iPhone Developer";
				INFOPLIST_FILE = Columba/Info.plist;
				IPHONEOS_DEPLOYMENT_TARGET = 8.0;
				LD_RUNPATH_SEARCH_PATHS = "$(inherited) @executable_path/Frameworks";
				PRODUCT_BUNDLE_IDENTIFIER = "beta.moe.$(PRODUCT_NAME:rfc1034identifier)";
				PRODUCT_NAME = "$(TARGET_NAME)";
				SWIFT_OBJC_BRIDGING_HEADER = "Columba/Columba-Bridging-Header.h";
				SWIFT_OPTIMIZATION_LEVEL = "-Onone";
			};
			name = Debug;
		};
		CD98BFA11B67D1890072058F /* Release */ = {
			isa = XCBuildConfiguration;
			buildSettings = {
				ASSETCATALOG_COMPILER_APPICON_NAME = AppIcon;
				CLANG_ENABLE_MODULES = YES;
				CODE_SIGN_IDENTITY = "iPhone Developer";
				INFOPLIST_FILE = Columba/Info.plist;
				IPHONEOS_DEPLOYMENT_TARGET = 8.0;
				LD_RUNPATH_SEARCH_PATHS = "$(inherited) @executable_path/Frameworks";
				PRODUCT_BUNDLE_IDENTIFIER = "beta.moe.$(PRODUCT_NAME:rfc1034identifier)";
				PRODUCT_NAME = "$(TARGET_NAME)";
				SWIFT_OBJC_BRIDGING_HEADER = "Columba/Columba-Bridging-Header.h";
			};
			name = Release;
		};
		CD98BFA31B67D1890072058F /* Debug */ = {
			isa = XCBuildConfiguration;
			buildSettings = {
				BUNDLE_LOADER = "$(TEST_HOST)";
				FRAMEWORK_SEARCH_PATHS = (
					"$(SDKROOT)/Developer/Library/Frameworks",
					"$(inherited)",
				);
				GCC_PREPROCESSOR_DEFINITIONS = (
					"DEBUG=1",
					"$(inherited)",
				);
				INFOPLIST_FILE = ColumbaTests/Info.plist;
				LD_RUNPATH_SEARCH_PATHS = "$(inherited) @executable_path/Frameworks @loader_path/Frameworks";
				PRODUCT_BUNDLE_IDENTIFIER = "beta.moe.$(PRODUCT_NAME:rfc1034identifier)";
				PRODUCT_NAME = "$(TARGET_NAME)";
				TEST_HOST = "$(BUILT_PRODUCTS_DIR)/Columba.app/Columba";
			};
			name = Debug;
		};
		CD98BFA41B67D1890072058F /* Release */ = {
			isa = XCBuildConfiguration;
			buildSettings = {
				BUNDLE_LOADER = "$(TEST_HOST)";
				FRAMEWORK_SEARCH_PATHS = (
					"$(SDKROOT)/Developer/Library/Frameworks",
					"$(inherited)",
				);
				INFOPLIST_FILE = ColumbaTests/Info.plist;
				LD_RUNPATH_SEARCH_PATHS = "$(inherited) @executable_path/Frameworks @loader_path/Frameworks";
				PRODUCT_BUNDLE_IDENTIFIER = "beta.moe.$(PRODUCT_NAME:rfc1034identifier)";
				PRODUCT_NAME = "$(TARGET_NAME)";
				TEST_HOST = "$(BUILT_PRODUCTS_DIR)/Columba.app/Columba";
			};
			name = Release;
		};
/* End XCBuildConfiguration section */

/* Begin XCConfigurationList section */
		CD98BF7B1B67D1880072058F /* Build configuration list for PBXProject "Columba" */ = {
			isa = XCConfigurationList;
			buildConfigurations = (
				CD98BF9D1B67D1890072058F /* Debug */,
				CD98BF9E1B67D1890072058F /* Release */,
			);
			defaultConfigurationIsVisible = 0;
			defaultConfigurationName = Release;
		};
		CD98BF9F1B67D1890072058F /* Build configuration list for PBXNativeTarget "Columba" */ = {
			isa = XCConfigurationList;
			buildConfigurations = (
				CD98BFA01B67D1890072058F /* Debug */,
				CD98BFA11B67D1890072058F /* Release */,
			);
			defaultConfigurationIsVisible = 0;
			defaultConfigurationName = Release;
		};
		CD98BFA21B67D1890072058F /* Build configuration list for PBXNativeTarget "ColumbaTests" */ = {
			isa = XCConfigurationList;
			buildConfigurations = (
				CD98BFA31B67D1890072058F /* Debug */,
				CD98BFA41B67D1890072058F /* Release */,
			);
			defaultConfigurationIsVisible = 0;
			defaultConfigurationName = Release;
		};
/* End XCConfigurationList section */
	};
	rootObject = CD98BF781B67D1880072058F /* Project object */;
}
